
Microsoft Visual Studio Solution File, Format Version 12.00
# Visual Studio Version 16
VisualStudioVersion = 16.0.32929.386
MinimumVisualStudioVersion = 10.0.40219.1
Project("{888888A0-9F3D-457C-B088-3A5042F75D52}") = "Ocena_Kompetencji_Badawczy_16.11", "Ocena_Kompetencji_Badawczy_16.11\Ocena_Kompetencji_Badawczy_16.11.pyproj", "{F593D4B4-3EE5-46A7-A897-7946501C3B54}"
EndProject
Global
	GlobalSection(SolutionConfigurationPlatforms) = preSolution
		Debug|Any CPU = Debug|Any CPU
		Release|Any CPU = Release|Any CPU
	EndGlobalSection
	GlobalSection(ProjectConfigurationPlatforms) = postSolution
		{F593D4B4-3EE5-46A7-A897-7946501C3B54}.Debug|Any CPU.ActiveCfg = Debug|Any CPU
		{F593D4B4-3EE5-46A7-A897-7946501C3B54}.Release|Any CPU.ActiveCfg = Release|Any CPU
	EndGlobalSection
	GlobalSection(SolutionProperties) = preSolution
		HideSolutionNode = FALSE
	EndGlobalSection
	GlobalSection(ExtensibilityGlobals) = postSolution
		SolutionGuid = {DC99928C-73FD-47B8-A163-4B914B4ACB8D}
	EndGlobalSection
EndGlobal
